
Microsoft Visual Studio Solution File, Format Version 12.00
# Visual Studio 15
VisualStudioVersion = 15.0.27428.2015
MinimumVisualStudioVersion = 10.0.40219.1
Project("{FAE04EC0-301F-11D3-BF4B-00C04F79EFBC}") = "1", "1\1.csproj", "{7D8AB890-CAF2-428D-8384-DAAF5CC9C0D5}"
EndProject
Global
	GlobalSection(SolutionConfigurationPlatforms) = preSolution
		Debug|Any CPU = Debug|Any CPU
		Release|Any CPU = Release|Any CPU
	EndGlobalSection
	GlobalSection(ProjectConfigurationPlatforms) = postSolution
		{7D8AB890-CAF2-428D-8384-DAAF5CC9C0D5}.Debug|Any CPU.ActiveCfg = Debug|Any CPU
		{7D8AB890-CAF2-428D-8384-DAAF5CC9C0D5}.Debug|Any CPU.Build.0 = Debug|Any CPU
		{7D8AB890-CAF2-428D-8384-DAAF5CC9C0D5}.Release|Any CPU.ActiveCfg = Release|Any CPU
		{7D8AB890-CAF2-428D-8384-DAAF5CC9C0D5}.Release|Any CPU.Build.0 = Release|Any CPU
	EndGlobalSection
	GlobalSection(SolutionProperties) = preSolution
		HideSolutionNode = FALSE
	EndGlobalSection
	GlobalSection(ExtensibilityGlobals) = postSolution
		SolutionGuid = {E5681203-AB5D-413B-90A5-E20D8F149F33}
	EndGlobalSection
EndGlobal
